// !$*UTF8*$!
{
	archiveVersion = 1;
	classes = {
	};
	objectVersion = 46;
	objects = {

/* Begin PBXBuildFile section */
		3C80D5E21B28CE5900445FC8 /* AppDelegate.swift in Sources */ = {isa = PBXBuildFile; fileRef = 3C80D5E11B28CE5900445FC8 /* AppDelegate.swift */; };
		3C80D5E41B28CE5900445FC8 /* ViewController.swift in Sources */ = {isa = PBXBuildFile; fileRef = 3C80D5E31B28CE5900445FC8 /* ViewController.swift */; };
		3C80D5E61B28CE5900445FC8 /* Images.xcassets in Resources */ = {isa = PBXBuildFile; fileRef = 3C80D5E51B28CE5900445FC8 /* Images.xcassets */; };
		3C80D5E91B28CE5900445FC8 /* Main.storyboard in Resources */ = {isa = PBXBuildFile; fileRef = 3C80D5E71B28CE5900445FC8 /* Main.storyboard */; };
		3C80D5F51B28CE5900445FC8 /* NFC_afregelenTests.swift in Sources */ = {isa = PBXBuildFile; fileRef = 3C80D5F41B28CE5900445FC8 /* NFC_afregelenTests.swift */; };
		7429B1211B298ED600894E6C /* LockButton.swift in Sources */ = {isa = PBXBuildFile; fileRef = 7429B1201B298ED600894E6C /* LockButton.swift */; };
		7429B1251B29A91100894E6C /* LockedField.swift in Sources */ = {isa = PBXBuildFile; fileRef = 7429B1241B29A91100894E6C /* LockedField.swift */; };
		7429B1291B29B19200894E6C /* NumberTransformer.swift in Sources */ = {isa = PBXBuildFile; fileRef = 7429B1281B29B19200894E6C /* NumberTransformer.swift */; };
		74C66EEB1B2A281D002D5CBA /* Equation.swift in Sources */ = {isa = PBXBuildFile; fileRef = 74C66EEA1B2A281D002D5CBA /* Equation.swift */; };
		74D91B721B2A332800EF1917 /* EquationViewController.swift in Sources */ = {isa = PBXBuildFile; fileRef = 74D91B711B2A332800EF1917 /* EquationViewController.swift */; };
/* End PBXBuildFile section */

/* Begin PBXContainerItemProxy section */
		3C80D5EF1B28CE5900445FC8 /* PBXContainerItemProxy */ = {
			isa = PBXContainerItemProxy;
			containerPortal = 3C80D5D41B28CE5900445FC8 /* Project object */;
			proxyType = 1;
			remoteGlobalIDString = 3C80D5DB1B28CE5900445FC8;
			remoteInfo = "NFC afregelen";
		};
/* End PBXContainerItemProxy section */

/* Begin PBXFileReference section */
		3C80D5DC1B28CE5900445FC8 /* NFC afregelen.app */ = {isa = PBXFileReference; explicitFileType = wrapper.application; includeInIndex = 0; path = "NFC afregelen.app"; sourceTree = BUILT_PRODUCTS_DIR; };
		3C80D5E01B28CE5900445FC8 /* Info.plist */ = {isa = PBXFileReference; lastKnownFileType = text.plist.xml; path = Info.plist; sourceTree = "<group>"; };
		3C80D5E11B28CE5900445FC8 /* AppDelegate.swift */ = {isa = PBXFileReference; lastKnownFileType = sourcecode.swift; path = AppDelegate.swift; sourceTree = "<group>"; };
		3C80D5E31B28CE5900445FC8 /* ViewController.swift */ = {isa = PBXFileReference; lastKnownFileType = sourcecode.swift; path = ViewController.swift; sourceTree = "<group>"; };
		3C80D5E51B28CE5900445FC8 /* Images.xcassets */ = {isa = PBXFileReference; lastKnownFileType = folder.assetcatalog; path = Images.xcassets; sourceTree = "<group>"; };
		3C80D5E81B28CE5900445FC8 /* Base */ = {isa = PBXFileReference; lastKnownFileType = file.storyboard; name = Base; path = Base.lproj/Main.storyboard; sourceTree = "<group>"; };
		3C80D5EE1B28CE5900445FC8 /* NFC afregelenTests.xctest */ = {isa = PBXFileReference; explicitFileType = wrapper.cfbundle; includeInIndex = 0; path = "NFC afregelenTests.xctest"; sourceTree = BUILT_PRODUCTS_DIR; };
		3C80D5F31B28CE5900445FC8 /* Info.plist */ = {isa = PBXFileReference; lastKnownFileType = text.plist.xml; path = Info.plist; sourceTree = "<group>"; };
		3C80D5F41B28CE5900445FC8 /* NFC_afregelenTests.swift */ = {isa = PBXFileReference; lastKnownFileType = sourcecode.swift; path = NFC_afregelenTests.swift; sourceTree = "<group>"; };
		7429B1201B298ED600894E6C /* LockButton.swift */ = {isa = PBXFileReference; fileEncoding = 4; lastKnownFileType = sourcecode.swift; path = LockButton.swift; sourceTree = "<group>"; };
		7429B1241B29A91100894E6C /* LockedField.swift */ = {isa = PBXFileReference; fileEncoding = 4; lastKnownFileType = sourcecode.swift; path = LockedField.swift; sourceTree = "<group>"; };
		7429B1281B29B19200894E6C /* NumberTransformer.swift */ = {isa = PBXFileReference; fileEncoding = 4; lastKnownFileType = sourcecode.swift; path = NumberTransformer.swift; sourceTree = "<group>"; };
		74C66EEA1B2A281D002D5CBA /* Equation.swift */ = {isa = PBXFileReference; fileEncoding = 4; lastKnownFileType = sourcecode.swift; path = Equation.swift; sourceTree = "<group>"; };
		74D91B711B2A332800EF1917 /* EquationViewController.swift */ = {isa = PBXFileReference; fileEncoding = 4; lastKnownFileType = sourcecode.swift; path = EquationViewController.swift; sourceTree = "<group>"; };
/* End PBXFileReference section */

/* Begin PBXFrameworksBuildPhase section */
		3C80D5D91B28CE5900445FC8 /* Frameworks */ = {
			isa = PBXFrameworksBuildPhase;
			buildActionMask = 2147483647;
			files = (
			);
			runOnlyForDeploymentPostprocessing = 0;
		};
		3C80D5EB1B28CE5900445FC8 /* Frameworks */ = {
			isa = PBXFrameworksBuildPhase;
			buildActionMask = 2147483647;
			files = (
			);
			runOnlyForDeploymentPostprocessing = 0;
		};
/* End PBXFrameworksBuildPhase section */

/* Begin PBXGroup section */
		3C80D5D31B28CE5900445FC8 = {
			isa = PBXGroup;
			children = (
				3C80D5DE1B28CE5900445FC8 /* NFC afregelen */,
				3C80D5F11B28CE5900445FC8 /* NFC afregelenTests */,
				3C80D5DD1B28CE5900445FC8 /* Products */,
			);
			sourceTree = "<group>";
		};
		3C80D5DD1B28CE5900445FC8 /* Products */ = {
			isa = PBXGroup;
			children = (
				3C80D5DC1B28CE5900445FC8 /* NFC afregelen.app */,
				3C80D5EE1B28CE5900445FC8 /* NFC afregelenTests.xctest */,
			);
			name = Products;
			sourceTree = "<group>";
		};
		3C80D5DE1B28CE5900445FC8 /* NFC afregelen */ = {
			isa = PBXGroup;
			children = (
				3C80D5E11B28CE5900445FC8 /* AppDelegate.swift */,
				3C80D5E31B28CE5900445FC8 /* ViewController.swift */,
				74D91B711B2A332800EF1917 /* EquationViewController.swift */,
				74C66EEA1B2A281D002D5CBA /* Equation.swift */,
				7429B1241B29A91100894E6C /* LockedField.swift */,
				7429B1201B298ED600894E6C /* LockButton.swift */,
				3C80D5E51B28CE5900445FC8 /* Images.xcassets */,
				3C80D5E71B28CE5900445FC8 /* Main.storyboard */,
				7429B1281B29B19200894E6C /* NumberTransformer.swift */,
				3C80D5DF1B28CE5900445FC8 /* Supporting Files */,
			);
			path = "NFC afregelen";
			sourceTree = "<group>";
		};
		3C80D5DF1B28CE5900445FC8 /* Supporting Files */ = {
			isa = PBXGroup;
			children = (
				3C80D5E01B28CE5900445FC8 /* Info.plist */,
			);
			name = "Supporting Files";
			sourceTree = "<group>";
		};
		3C80D5F11B28CE5900445FC8 /* NFC afregelenTests */ = {
			isa = PBXGroup;
			children = (
				3C80D5F41B28CE5900445FC8 /* NFC_afregelenTests.swift */,
				3C80D5F21B28CE5900445FC8 /* Supporting Files */,
			);
			path = "NFC afregelenTests";
			sourceTree = "<group>";
		};
		3C80D5F21B28CE5900445FC8 /* Supporting Files */ = {
			isa = PBXGroup;
			children = (
				3C80D5F31B28CE5900445FC8 /* Info.plist */,
			);
			name = "Supporting Files";
			sourceTree = "<group>";
		};
/* End PBXGroup section */

/* Begin PBXNativeTarget section */
		3C80D5DB1B28CE5900445FC8 /* NFC afregelen */ = {
			isa = PBXNativeTarget;
			buildConfigurationList = 3C80D5F81B28CE5900445FC8 /* Build configuration list for PBXNativeTarget "NFC afregelen" */;
			buildPhases = (
				3C80D5D81B28CE5900445FC8 /* Sources */,
				3C80D5D91B28CE5900445FC8 /* Frameworks */,
				3C80D5DA1B28CE5900445FC8 /* Resources */,
			);
			buildRules = (
			);
			dependencies = (
			);
			name = "NFC afregelen";
			productName = "NFC afregelen";
			productReference = 3C80D5DC1B28CE5900445FC8 /* NFC afregelen.app */;
			productType = "com.apple.product-type.application";
		};
		3C80D5ED1B28CE5900445FC8 /* NFC afregelenTests */ = {
			isa = PBXNativeTarget;
			buildConfigurationList = 3C80D5FB1B28CE5900445FC8 /* Build configuration list for PBXNativeTarget "NFC afregelenTests" */;
			buildPhases = (
				3C80D5EA1B28CE5900445FC8 /* Sources */,
				3C80D5EB1B28CE5900445FC8 /* Frameworks */,
				3C80D5EC1B28CE5900445FC8 /* Resources */,
			);
			buildRules = (
			);
			dependencies = (
				3C80D5F01B28CE5900445FC8 /* PBXTargetDependency */,
			);
			name = "NFC afregelenTests";
			productName = "NFC afregelenTests";
			productReference = 3C80D5EE1B28CE5900445FC8 /* NFC afregelenTests.xctest */;
			productType = "com.apple.product-type.bundle.unit-test";
		};
/* End PBXNativeTarget section */

/* Begin PBXProject section */
		3C80D5D41B28CE5900445FC8 /* Project object */ = {
			isa = PBXProject;
			attributes = {
				LastSwiftUpdateCheck = 0700;
				LastUpgradeCheck = 0700;
				ORGANIZATIONNAME = "Romuald Dufaux";
				TargetAttributes = {
					3C80D5DB1B28CE5900445FC8 = {
						CreatedOnToolsVersion = 6.3.2;
					};
					3C80D5ED1B28CE5900445FC8 = {
						CreatedOnToolsVersion = 6.3.2;
						TestTargetID = 3C80D5DB1B28CE5900445FC8;
					};
				};
			};
			buildConfigurationList = 3C80D5D71B28CE5900445FC8 /* Build configuration list for PBXProject "NFC afregelen" */;
			compatibilityVersion = "Xcode 3.2";
			developmentRegion = English;
			hasScannedForEncodings = 0;
			knownRegions = (
				en,
				Base,
			);
			mainGroup = 3C80D5D31B28CE5900445FC8;
			productRefGroup = 3C80D5DD1B28CE5900445FC8 /* Products */;
			projectDirPath = "";
			projectRoot = "";
			targets = (
				3C80D5DB1B28CE5900445FC8 /* NFC afregelen */,
				3C80D5ED1B28CE5900445FC8 /* NFC afregelenTests */,
			);
		};
/* End PBXProject section */

/* Begin PBXResourcesBuildPhase section */
		3C80D5DA1B28CE5900445FC8 /* Resources */ = {
			isa = PBXResourcesBuildPhase;
			buildActionMask = 2147483647;
			files = (
				3C80D5E61B28CE5900445FC8 /* Images.xcassets in Resources */,
				3C80D5E91B28CE5900445FC8 /* Main.storyboard in Resources */,
			);
			runOnlyForDeploymentPostprocessing = 0;
		};
		3C80D5EC1B28CE5900445FC8 /* Resources */ = {
			isa = PBXResourcesBuildPhase;
			buildActionMask = 2147483647;
			files = (
			);
			runOnlyForDeploymentPostprocessing = 0;
		};
/* End PBXResourcesBuildPhase section */

/* Begin PBXSourcesBuildPhase section */
		3C80D5D81B28CE5900445FC8 /* Sources */ = {
			isa = PBXSourcesBuildPhase;
			buildActionMask = 2147483647;
			files = (
				74C66EEB1B2A281D002D5CBA /* Equation.swift in Sources */,
				7429B1211B298ED600894E6C /* LockButton.swift in Sources */,
				7429B1291B29B19200894E6C /* NumberTransformer.swift in Sources */,
				3C80D5E41B28CE5900445FC8 /* ViewController.swift in Sources */,
				7429B1251B29A91100894E6C /* LockedField.swift in Sources */,
				3C80D5E21B28CE5900445FC8 /* AppDelegate.swift in Sources */,
				74D91B721B2A332800EF1917 /* EquationViewController.swift in Sources */,
			);
			runOnlyForDeploymentPostprocessing = 0;
		};
		3C80D5EA1B28CE5900445FC8 /* Sources */ = {
			isa = PBXSourcesBuildPhase;
			buildActionMask = 2147483647;
			files = (
				3C80D5F51B28CE5900445FC8 /* NFC_afregelenTests.swift in Sources */,
			);
			runOnlyForDeploymentPostprocessing = 0;
		};
/* End PBXSourcesBuildPhase section */

/* Begin PBXTargetDependency section */
		3C80D5F01B28CE5900445FC8 /* PBXTargetDependency */ = {
			isa = PBXTargetDependency;
			target = 3C80D5DB1B28CE5900445FC8 /* NFC afregelen */;
			targetProxy = 3C80D5EF1B28CE5900445FC8 /* PBXContainerItemProxy */;
		};
/* End PBXTargetDependency section */

/* Begin PBXVariantGroup section */
		3C80D5E71B28CE5900445FC8 /* Main.storyboard */ = {
			isa = PBXVariantGroup;
			children = (
				3C80D5E81B28CE5900445FC8 /* Base */,
			);
			name = Main.storyboard;
			sourceTree = "<group>";
		};
/* End PBXVariantGroup section */

/* Begin XCBuildConfiguration section */
		3C80D5F61B28CE5900445FC8 /* Debug */ = {
			isa = XCBuildConfiguration;
			buildSettings = {
				ALWAYS_SEARCH_USER_PATHS = NO;
				CLANG_CXX_LANGUAGE_STANDARD = "gnu++0x";
				CLANG_CXX_LIBRARY = "libc++";
				CLANG_ENABLE_MODULES = YES;
				CLANG_ENABLE_OBJC_ARC = YES;
				CLANG_WARN_BOOL_CONVERSION = YES;
				CLANG_WARN_CONSTANT_CONVERSION = YES;
				CLANG_WARN_DIRECT_OBJC_ISA_USAGE = YES_ERROR;
				CLANG_WARN_EMPTY_BODY = YES;
				CLANG_WARN_ENUM_CONVERSION = YES;
				CLANG_WARN_INT_CONVERSION = YES;
				CLANG_WARN_OBJC_ROOT_CLASS = YES_ERROR;
				CLANG_WARN_UNREACHABLE_CODE = YES;
				CLANG_WARN__DUPLICATE_METHOD_MATCH = YES;
				CODE_SIGN_IDENTITY = "-";
				COPY_PHASE_STRIP = NO;
				DEBUG_INFORMATION_FORMAT = dwarf;
				ENABLE_STRICT_OBJC_MSGSEND = YES;
				ENABLE_TESTABILITY = YES;
				GCC_C_LANGUAGE_STANDARD = gnu99;
				GCC_DYNAMIC_NO_PIC = NO;
				GCC_NO_COMMON_BLOCKS = YES;
				GCC_OPTIMIZATION_LEVEL = 0;
				GCC_PREPROCESSOR_DEFINITIONS = (
					"DEBUG=1",
					"$(inherited)",
				);
				GCC_SYMBOLS_PRIVATE_EXTERN = NO;
				GCC_WARN_64_TO_32_BIT_CONVERSION = YES;
				GCC_WARN_ABOUT_RETURN_TYPE = YES_ERROR;
				GCC_WARN_UNDECLARED_SELECTOR = YES;
				GCC_WARN_UNINITIALIZED_AUTOS = YES_AGGRESSIVE;
				GCC_WARN_UNUSED_FUNCTION = YES;
				GCC_WARN_UNUSED_VARIABLE = YES;
				MACOSX_DEPLOYMENT_TARGET = 10.10;
				MTL_ENABLE_DEBUG_INFO = YES;
				ONLY_ACTIVE_ARCH = YES;
				SDKROOT = macosx;
				SWIFT_OPTIMIZATION_LEVEL = "-Onone";
			};
			name = Debug;
		};
		3C80D5F71B28CE5900445FC8 /* Release */ = {
			isa = XCBuildConfiguration;
			buildSettings = {
				ALWAYS_SEARCH_USER_PATHS = NO;
				CLANG_CXX_LANGUAGE_STANDARD = "gnu++0x";
				CLANG_CXX_LIBRARY = "libc++";
				CLANG_ENABLE_MODULES = YES;
				CLANG_ENABLE_OBJC_ARC = YES;
				CLANG_WARN_BOOL_CONVERSION = YES;
				CLANG_WARN_CONSTANT_CONVERSION = YES;
				CLANG_WARN_DIRECT_OBJC_ISA_USAGE = YES_ERROR;
				CLANG_WARN_EMPTY_BODY = YES;
				CLANG_WARN_ENUM_CONVERSION = YES;
				CLANG_WARN_INT_CONVERSION = YES;
				CLANG_WARN_OBJC_ROOT_CLASS = YES_ERROR;
				CLANG_WARN_UNREACHABLE_CODE = YES;
				CLANG_WARN__DUPLICATE_METHOD_MATCH = YES;
				CODE_SIGN_IDENTITY = "-";
				COPY_PHASE_STRIP = NO;
				DEBUG_INFORMATION_FORMAT = "dwarf-with-dsym";
				ENABLE_NS_ASSERTIONS = NO;
				ENABLE_STRICT_OBJC_MSGSEND = YES;
				GCC_C_LANGUAGE_STANDARD = gnu99;
				GCC_NO_COMMON_BLOCKS = YES;
				GCC_WARN_64_TO_32_BIT_CONVERSION = YES;
				GCC_WARN_ABOUT_RETURN_TYPE = YES_ERROR;
				GCC_WARN_UNDECLARED_SELECTOR = YES;
				GCC_WARN_UNINITIALIZED_AUTOS = YES_AGGRESSIVE;
				GCC_WARN_UNUSED_FUNCTION = YES;
				GCC_WARN_UNUSED_VARIABLE = YES;
				MACOSX_DEPLOYMENT_TARGET = 10.10;
				MTL_ENABLE_DEBUG_INFO = NO;
				SDKROOT = macosx;
			};
			name = Release;
		};
		3C80D5F91B28CE5900445FC8 /* Debug */ = {
			isa = XCBuildConfiguration;
			buildSettings = {
				ASSETCATALOG_COMPILER_APPICON_NAME = AppIcon;
				COMBINE_HIDPI_IMAGES = YES;
				INFOPLIST_FILE = "NFC afregelen/Info.plist";
				LD_RUNPATH_SEARCH_PATHS = "$(inherited) @executable_path/../Frameworks";
				PRODUCT_BUNDLE_IDENTIFIER = "wow-Factor.$(PRODUCT_NAME:rfc1034identifier)";
				PRODUCT_NAME = "$(TARGET_NAME)";
			};
			name = Debug;
		};
		3C80D5FA1B28CE5900445FC8 /* Release */ = {
			isa = XCBuildConfiguration;
			buildSettings = {
				ASSETCATALOG_COMPILER_APPICON_NAME = AppIcon;
				COMBINE_HIDPI_IMAGES = YES;
				INFOPLIST_FILE = "NFC afregelen/Info.plist";
				LD_RUNPATH_SEARCH_PATHS = "$(inherited) @executable_path/../Frameworks";
				PRODUCT_BUNDLE_IDENTIFIER = "wow-Factor.$(PRODUCT_NAME:rfc1034identifier)";
				PRODUCT_NAME = "$(TARGET_NAME)";
			};
			name = Release;
		};
		3C80D5FC1B28CE5900445FC8 /* Debug */ = {
			isa = XCBuildConfiguration;
			buildSettings = {
				BUNDLE_LOADER = "$(TEST_HOST)";
				COMBINE_HIDPI_IMAGES = YES;
				FRAMEWORK_SEARCH_PATHS = (
					"$(DEVELOPER_FRAMEWORKS_DIR)",
					"$(inherited)",
				);
				GCC_PREPROCESSOR_DEFINITIONS = (
					"DEBUG=1",
					"$(inherited)",
				);
				INFOPLIST_FILE = "NFC afregelenTests/Info.plist";
				LD_RUNPATH_SEARCH_PATHS = "$(inherited) @executable_path/../Frameworks @loader_path/../Frameworks";
				PRODUCT_BUNDLE_IDENTIFIER = "wow-Factor.$(PRODUCT_NAME:rfc1034identifier)";
				PRODUCT_NAME = "$(TARGET_NAME)";
				TEST_HOST = "$(BUILT_PRODUCTS_DIR)/NFC afregelen.app/Contents/MacOS/NFC afregelen";
			};
			name = Debug;
		};
		3C80D5FD1B28CE5900445FC8 /* Release */ = {
			isa = XCBuildConfiguration;
			buildSettings = {
				BUNDLE_LOADER = "$(TEST_HOST)";
				COMBINE_HIDPI_IMAGES = YES;
				FRAMEWORK_SEARCH_PATHS = (
					"$(DEVELOPER_FRAMEWORKS_DIR)",
					"$(inherited)",
				);
				INFOPLIST_FILE = "NFC afregelenTests/Info.plist";
				LD_RUNPATH_SEARCH_PATHS = "$(inherited) @executable_path/../Frameworks @loader_path/../Frameworks";
				PRODUCT_BUNDLE_IDENTIFIER = "wow-Factor.$(PRODUCT_NAME:rfc1034identifier)";
				PRODUCT_NAME = "$(TARGET_NAME)";
				TEST_HOST = "$(BUILT_PRODUCTS_DIR)/NFC afregelen.app/Contents/MacOS/NFC afregelen";
			};
			name = Release;
		};
/* End XCBuildConfiguration section */

/* Begin XCConfigurationList section */
		3C80D5D71B28CE5900445FC8 /* Build configuration list for PBXProject "NFC afregelen" */ = {
			isa = XCConfigurationList;
			buildConfigurations = (
				3C80D5F61B28CE5900445FC8 /* Debug */,
				3C80D5F71B28CE5900445FC8 /* Release */,
			);
			defaultConfigurationIsVisible = 0;
			defaultConfigurationName = Release;
		};
		3C80D5F81B28CE5900445FC8 /* Build configuration list for PBXNativeTarget "NFC afregelen" */ = {
			isa = XCConfigurationList;
			buildConfigurations = (
				3C80D5F91B28CE5900445FC8 /* Debug */,
				3C80D5FA1B28CE5900445FC8 /* Release */,
			);
			defaultConfigurationIsVisible = 0;
			defaultConfigurationName = Release;
		};
		3C80D5FB1B28CE5900445FC8 /* Build configuration list for PBXNativeTarget "NFC afregelenTests" */ = {
			isa = XCConfigurationList;
			buildConfigurations = (
				3C80D5FC1B28CE5900445FC8 /* Debug */,
				3C80D5FD1B28CE5900445FC8 /* Release */,
			);
			defaultConfigurationIsVisible = 0;
			defaultConfigurationName = Release;
		};
/* End XCConfigurationList section */
	};
	rootObject = 3C80D5D41B28CE5900445FC8 /* Project object */;
}
